Microsoft Visual Studio Solution File, Format Version 12.00
# Visual Studio Version 17
VisualStudioVersion = 17.5.2.0
MinimumVisualStudioVersion = 10.0.40219.1
Project("{FAE04EC0-301F-11D3-BF4B-00C04F79EFBC}") = "UE47-guessWord", "UE47-guessWord.csproj", "{AC00F5E3-6D22-A2D0-80C0-28428307CBB0}"
EndProject
Global
	GlobalSection(SolutionConfigurationPlatforms) = preSolution
		Debug|Any CPU = Debug|Any CPU
		Release|Any CPU = Release|Any CPU
	EndGlobalSection
	GlobalSection(ProjectConfigurationPlatforms) = postSolution
		{AC00F5E3-6D22-A2D0-80C0-28428307CBB0}.Debug|Any CPU.ActiveCfg = Debug|Any CPU
		{AC00F5E3-6D22-A2D0-80C0-28428307CBB0}.Debug|Any CPU.Build.0 = Debug|Any CPU
		{AC00F5E3-6D22-A2D0-80C0-28428307CBB0}.Release|Any CPU.ActiveCfg = Release|Any CPU
		{AC00F5E3-6D22-A2D0-80C0-28428307CBB0}.Release|Any CPU.Build.0 = Release|Any CPU
	EndGlobalSection
	GlobalSection(SolutionProperties) = preSolution
		HideSolutionNode = FALSE
	EndGlobalSection
	GlobalSection(ExtensibilityGlobals) = postSolution
		SolutionGuid = {A3353390-F2B2-446C-972B-3577DBC85C5A}
	EndGlobalSection
EndGlobal
