
Microsoft Visual Studio Solution File, Format Version 12.00
# Visual Studio Version 17
VisualStudioVersion = 17.5.002.0
MinimumVisualStudioVersion = 10.0.40219.1
Project("{9A19103F-16F7-4668-BE54-9A1E7A4F7556}") = "T2", "T2\T2.csproj", "{9DBBB35F-8C13-4761-B85C-5BE6B01E7190}"
EndProject
Project("{9A19103F-16F7-4668-BE54-9A1E7A4F7556}") = "T1", "T1\T1.csproj", "{4BB65F7E-D932-41D3-841E-5408D7D9CE07}"
EndProject
Global
	GlobalSection(SolutionConfigurationPlatforms) = preSolution
		Debug|Any CPU = Debug|Any CPU
		Release|Any CPU = Release|Any CPU
	EndGlobalSection
	GlobalSection(ProjectConfigurationPlatforms) = postSolution
		{9DBBB35F-8C13-4761-B85C-5BE6B01E7190}.Debug|Any CPU.ActiveCfg = Debug|Any CPU
		{9DBBB35F-8C13-4761-B85C-5BE6B01E7190}.Debug|Any CPU.Build.0 = Debug|Any CPU
		{9DBBB35F-8C13-4761-B85C-5BE6B01E7190}.Release|Any CPU.ActiveCfg = Release|Any CPU
		{9DBBB35F-8C13-4761-B85C-5BE6B01E7190}.Release|Any CPU.Build.0 = Release|Any CPU
		{4BB65F7E-D932-41D3-841E-5408D7D9CE07}.Debug|Any CPU.ActiveCfg = Debug|Any CPU
		{4BB65F7E-D932-41D3-841E-5408D7D9CE07}.Debug|Any CPU.Build.0 = Debug|Any CPU
		{4BB65F7E-D932-41D3-841E-5408D7D9CE07}.Release|Any CPU.ActiveCfg = Release|Any CPU
		{4BB65F7E-D932-41D3-841E-5408D7D9CE07}.Release|Any CPU.Build.0 = Release|Any CPU
	EndGlobalSection
	GlobalSection(SolutionProperties) = preSolution
		HideSolutionNode = FALSE
	EndGlobalSection
	GlobalSection(ExtensibilityGlobals) = postSolution
		SolutionGuid = {F8C6561F-AAB7-4E34-9B50-E36C87A5C0C9}
	EndGlobalSection
EndGlobal
