Microsoft Visual Studio Solution File, Format Version 12.00
# Visual Studio Version 17
VisualStudioVersion = 17.5.2.0
MinimumVisualStudioVersion = 10.0.40219.1
Project("{FAE04EC0-301F-11D3-BF4B-00C04F79EFBC}") = "UE46-StringSearch", "UE46-StringSearch.csproj", "{6CD3C1E6-A039-6033-F69C-5478C9FD8DD4}"
EndProject
Global
	GlobalSection(SolutionConfigurationPlatforms) = preSolution
		Debug|Any CPU = Debug|Any CPU
		Release|Any CPU = Release|Any CPU
	EndGlobalSection
	GlobalSection(ProjectConfigurationPlatforms) = postSolution
		{6CD3C1E6-A039-6033-F69C-5478C9FD8DD4}.Debug|Any CPU.ActiveCfg = Debug|Any CPU
		{6CD3C1E6-A039-6033-F69C-5478C9FD8DD4}.Debug|Any CPU.Build.0 = Debug|Any CPU
		{6CD3C1E6-A039-6033-F69C-5478C9FD8DD4}.Release|Any CPU.ActiveCfg = Release|Any CPU
		{6CD3C1E6-A039-6033-F69C-5478C9FD8DD4}.Release|Any CPU.Build.0 = Release|Any CPU
	EndGlobalSection
	GlobalSection(SolutionProperties) = preSolution
		HideSolutionNode = FALSE
	EndGlobalSection
	GlobalSection(ExtensibilityGlobals) = postSolution
		SolutionGuid = {3A55C368-EAD9-4C54-8370-50A48E800A36}
	EndGlobalSection
EndGlobal
