
Microsoft Visual Studio Solution File, Format Version 12.00
# Visual Studio Version 17
VisualStudioVersion = 17.5.002.0
MinimumVisualStudioVersion = 10.0.40219.1
Project("{9A19103F-16F7-4668-BE54-9A1E7A4F7556}") = "UE34-PrimNumberChecker", "UE34-PrimNumberChecker.csproj", "{381109A3-FA01-40BD-B93A-20104E76B827}"
EndProject
Global
	GlobalSection(SolutionConfigurationPlatforms) = preSolution
		Debug|Any CPU = Debug|Any CPU
		Release|Any CPU = Release|Any CPU
	EndGlobalSection
	GlobalSection(ProjectConfigurationPlatforms) = postSolution
		{381109A3-FA01-40BD-B93A-20104E76B827}.Debug|Any CPU.ActiveCfg = Debug|Any CPU
		{381109A3-FA01-40BD-B93A-20104E76B827}.Debug|Any CPU.Build.0 = Debug|Any CPU
		{381109A3-FA01-40BD-B93A-20104E76B827}.Release|Any CPU.ActiveCfg = Release|Any CPU
		{381109A3-FA01-40BD-B93A-20104E76B827}.Release|Any CPU.Build.0 = Release|Any CPU
	EndGlobalSection
	GlobalSection(SolutionProperties) = preSolution
		HideSolutionNode = FALSE
	EndGlobalSection
	GlobalSection(ExtensibilityGlobals) = postSolution
		SolutionGuid = {4CD69F47-1328-480D-B481-A1C11AAA673D}
	EndGlobalSection
EndGlobal
