Microsoft Visual Studio Solution File, Format Version 12.00
# Visual Studio Version 17
VisualStudioVersion = 17.5.2.0
MinimumVisualStudioVersion = 10.0.40219.1
Project("{FAE04EC0-301F-11D3-BF4B-00C04F79EFBC}") = "UE52-Substring", "UE52-Substring.csproj", "{57F579E4-B97D-DCDE-746F-7FB9BE25EEFB}"
EndProject
Global
	GlobalSection(SolutionConfigurationPlatforms) = preSolution
		Debug|Any CPU = Debug|Any CPU
		Release|Any CPU = Release|Any CPU
	EndGlobalSection
	GlobalSection(ProjectConfigurationPlatforms) = postSolution
		{57F579E4-B97D-DCDE-746F-7FB9BE25EEFB}.Debug|Any CPU.ActiveCfg = Debug|Any CPU
		{57F579E4-B97D-DCDE-746F-7FB9BE25EEFB}.Debug|Any CPU.Build.0 = Debug|Any CPU
		{57F579E4-B97D-DCDE-746F-7FB9BE25EEFB}.Release|Any CPU.ActiveCfg = Release|Any CPU
		{57F579E4-B97D-DCDE-746F-7FB9BE25EEFB}.Release|Any CPU.Build.0 = Release|Any CPU
	EndGlobalSection
	GlobalSection(SolutionProperties) = preSolution
		HideSolutionNode = FALSE
	EndGlobalSection
	GlobalSection(ExtensibilityGlobals) = postSolution
		SolutionGuid = {213B50ED-BBAD-41FD-8E2C-2F8D84ADD9E6}
	EndGlobalSection
EndGlobal
