
Microsoft Visual Studio Solution File, Format Version 12.00
# Visual Studio Version 17
VisualStudioVersion = 17.5.002.0
MinimumVisualStudioVersion = 10.0.40219.1
Project("{9A19103F-16F7-4668-BE54-9A1E7A4F7556}") = "UE21-Verfolgung", "UE21-Verfolgung.csproj", "{D28C77B5-2D4B-4D7F-AF53-AD81836638BD}"
EndProject
Global
	GlobalSection(SolutionConfigurationPlatforms) = preSolution
		Debug|Any CPU = Debug|Any CPU
		Release|Any CPU = Release|Any CPU
	EndGlobalSection
	GlobalSection(ProjectConfigurationPlatforms) = postSolution
		{D28C77B5-2D4B-4D7F-AF53-AD81836638BD}.Debug|Any CPU.ActiveCfg = Debug|Any CPU
		{D28C77B5-2D4B-4D7F-AF53-AD81836638BD}.Debug|Any CPU.Build.0 = Debug|Any CPU
		{D28C77B5-2D4B-4D7F-AF53-AD81836638BD}.Release|Any CPU.ActiveCfg = Release|Any CPU
		{D28C77B5-2D4B-4D7F-AF53-AD81836638BD}.Release|Any CPU.Build.0 = Release|Any CPU
	EndGlobalSection
	GlobalSection(SolutionProperties) = preSolution
		HideSolutionNode = FALSE
	EndGlobalSection
	GlobalSection(ExtensibilityGlobals) = postSolution
		SolutionGuid = {DBF556E5-450F-4C60-BA22-57423DEACC77}
	EndGlobalSection
EndGlobal
